// !$*UTF8*$!
{
	archiveVersion = 1;
	classes = {
	};
	objectVersion = 55;
	objects = {

/* Begin PBXBuildFile section */
		F9090C56286B8BEA00DF0E81 /* TaskManagerApp.swift in Sources */ = {isa = PBXBuildFile; fileRef = F9090C55286B8BEA00DF0E81 /* TaskManagerApp.swift */; };
		F9090C58286B8BEA00DF0E81 /* ContentView.swift in Sources */ = {isa = PBXBuildFile; fileRef = F9090C57286B8BEA00DF0E81 /* ContentView.swift */; };
		F9090C5A286B8BEC00DF0E81 /* Assets.xcassets in Resources */ = {isa = PBXBuildFile; fileRef = F9090C59286B8BEC00DF0E81 /* Assets.xcassets */; };
		F9090C5D286B8BED00DF0E81 /* Preview Assets.xcassets in Resources */ = {isa = PBXBuildFile; fileRef = F9090C5C286B8BED00DF0E81 /* Preview Assets.xcassets */; };
		F9090C67286B8BED00DF0E81 /* TaskManagerTests.swift in Sources */ = {isa = PBXBuildFile; fileRef = F9090C66286B8BED00DF0E81 /* TaskManagerTests.swift */; };
		F9090C71286B8BED00DF0E81 /* TaskManagerUITests.swift in Sources */ = {isa = PBXBuildFile; fileRef = F9090C70286B8BED00DF0E81 /* TaskManagerUITests.swift */; };
		F9090C73286B8BED00DF0E81 /* TaskManagerUITestsLaunchTests.swift in Sources */ = {isa = PBXBuildFile; fileRef = F9090C72286B8BED00DF0E81 /* TaskManagerUITestsLaunchTests.swift */; };
		F9090C85286B944600DF0E81 /* TasksContainer.xcdatamodeld in Sources */ = {isa = PBXBuildFile; fileRef = F9090C83286B944600DF0E81 /* TasksContainer.xcdatamodeld */; };
		F9090C8A286B993D00DF0E81 /* Comment+CoreDataClass.swift in Sources */ = {isa = PBXBuildFile; fileRef = F9090C86286B993D00DF0E81 /* Comment+CoreDataClass.swift */; };
		F9090C8B286B993D00DF0E81 /* Comment+CoreDataProperties.swift in Sources */ = {isa = PBXBuildFile; fileRef = F9090C87286B993D00DF0E81 /* Comment+CoreDataProperties.swift */; };
		F9090C8C286B993D00DF0E81 /* Task+CoreDataClass.swift in Sources */ = {isa = PBXBuildFile; fileRef = F9090C88286B993D00DF0E81 /* Task+CoreDataClass.swift */; };
		F9090C8D286B993D00DF0E81 /* Task+CoreDataProperties.swift in Sources */ = {isa = PBXBuildFile; fileRef = F9090C89286B993D00DF0E81 /* Task+CoreDataProperties.swift */; };
		F9090C8F286BA5CF00DF0E81 /* PersistenceController.swift in Sources */ = {isa = PBXBuildFile; fileRef = F9090C8E286BA5CF00DF0E81 /* PersistenceController.swift */; };
		F9090C94286BBD2F00DF0E81 /* AddTaskView.swift in Sources */ = {isa = PBXBuildFile; fileRef = F9090C93286BBD2F00DF0E81 /* AddTaskView.swift */; };
		F9090C96286BC05C00DF0E81 /* TaskDetails.swift in Sources */ = {isa = PBXBuildFile; fileRef = F9090C95286BC05C00DF0E81 /* TaskDetails.swift */; };
		F9090C98286BE7BF00DF0E81 /* AddCommentView.swift in Sources */ = {isa = PBXBuildFile; fileRef = F9090C97286BE7BF00DF0E81 /* AddCommentView.swift */; };
/* End PBXBuildFile section */

/* Begin PBXContainerItemProxy section */
		F9090C63286B8BED00DF0E81 /* PBXContainerItemProxy */ = {
			isa = PBXContainerItemProxy;
			containerPortal = F9090C4A286B8BEA00DF0E81 /* Project object */;
			proxyType = 1;
			remoteGlobalIDString = F9090C51286B8BEA00DF0E81;
			remoteInfo = TaskManager;
		};
		F9090C6D286B8BED00DF0E81 /* PBXContainerItemProxy */ = {
			isa = PBXContainerItemProxy;
			containerPortal = F9090C4A286B8BEA00DF0E81 /* Project object */;
			proxyType = 1;
			remoteGlobalIDString = F9090C51286B8BEA00DF0E81;
			remoteInfo = TaskManager;
		};
/* End PBXContainerItemProxy section */

/* Begin PBXFileReference section */
		F9090C52286B8BEA00DF0E81 /* TaskManager.app */ = {isa = PBXFileReference; explicitFileType = wrapper.application; includeInIndex = 0; path = TaskManager.app; sourceTree = BUILT_PRODUCTS_DIR; };
		F9090C55286B8BEA00DF0E81 /* TaskManagerApp.swift */ = {isa = PBXFileReference; lastKnownFileType = sourcecode.swift; path = TaskManagerApp.swift; sourceTree = "<group>"; };
		F9090C57286B8BEA00DF0E81 /* ContentView.swift */ = {isa = PBXFileReference; lastKnownFileType = sourcecode.swift; path = ContentView.swift; sourceTree = "<group>"; };
		F9090C59286B8BEC00DF0E81 /* Assets.xcassets */ = {isa = PBXFileReference; lastKnownFileType = folder.assetcatalog; path = Assets.xcassets; sourceTree = "<group>"; };
		F9090C5C286B8BED00DF0E81 /* Preview Assets.xcassets */ = {isa = PBXFileReference; lastKnownFileType = folder.assetcatalog; path = "Preview Assets.xcassets"; sourceTree = "<group>"; };
		F9090C62286B8BED00DF0E81 /* TaskManagerTests.xctest */ = {isa = PBXFileReference; explicitFileType = wrapper.cfbundle; includeInIndex = 0; path = TaskManagerTests.xctest; sourceTree = BUILT_PRODUCTS_DIR; };
		F9090C66286B8BED00DF0E81 /* TaskManagerTests.swift */ = {isa = PBXFileReference; lastKnownFileType = sourcecode.swift; path = TaskManagerTests.swift; sourceTree = "<group>"; };
		F9090C6C286B8BED00DF0E81 /* TaskManagerUITests.xctest */ = {isa = PBXFileReference; explicitFileType = wrapper.cfbundle; includeInIndex = 0; path = TaskManagerUITests.xctest; sourceTree = BUILT_PRODUCTS_DIR; };
		F9090C70286B8BED00DF0E81 /* TaskManagerUITests.swift */ = {isa = PBXFileReference; lastKnownFileType = sourcecode.swift; path = TaskManagerUITests.swift; sourceTree = "<group>"; };
		F9090C72286B8BED00DF0E81 /* TaskManagerUITestsLaunchTests.swift */ = {isa = PBXFileReference; lastKnownFileType = sourcecode.swift; path = TaskManagerUITestsLaunchTests.swift; sourceTree = "<group>"; };
		F9090C84286B944600DF0E81 /* TasksContainer.xcdatamodel */ = {isa = PBXFileReference; lastKnownFileType = wrapper.xcdatamodel; path = TasksContainer.xcdatamodel; sourceTree = "<group>"; };
		F9090C86286B993D00DF0E81 /* Comment+CoreDataClass.swift */ = {isa = PBXFileReference; lastKnownFileType = sourcecode.swift; path = "Comment+CoreDataClass.swift"; sourceTree = "<group>"; };
		F9090C87286B993D00DF0E81 /* Comment+CoreDataProperties.swift */ = {isa = PBXFileReference; lastKnownFileType = sourcecode.swift; path = "Comment+CoreDataProperties.swift"; sourceTree = "<group>"; };
		F9090C88286B993D00DF0E81 /* Task+CoreDataClass.swift */ = {isa = PBXFileReference; lastKnownFileType = sourcecode.swift; path = "Task+CoreDataClass.swift"; sourceTree = "<group>"; };
		F9090C89286B993D00DF0E81 /* Task+CoreDataProperties.swift */ = {isa = PBXFileReference; lastKnownFileType = sourcecode.swift; path = "Task+CoreDataProperties.swift"; sourceTree = "<group>"; };
		F9090C8E286BA5CF00DF0E81 /* PersistenceController.swift */ = {isa = PBXFileReference; lastKnownFileType = sourcecode.swift; path = PersistenceController.swift; sourceTree = "<group>"; };
		F9090C93286BBD2F00DF0E81 /* AddTaskView.swift */ = {isa = PBXFileReference; lastKnownFileType = sourcecode.swift; path = AddTaskView.swift; sourceTree = "<group>"; };
		F9090C95286BC05C00DF0E81 /* TaskDetails.swift */ = {isa = PBXFileReference; lastKnownFileType = sourcecode.swift; path = TaskDetails.swift; sourceTree = "<group>"; };
		F9090C97286BE7BF00DF0E81 /* AddCommentView.swift */ = {isa = PBXFileReference; lastKnownFileType = sourcecode.swift; path = AddCommentView.swift; sourceTree = "<group>"; };
/* End PBXFileReference section */

/* Begin PBXFrameworksBuildPhase section */
		F9090C4F286B8BEA00DF0E81 /* Frameworks */ = {
			isa = PBXFrameworksBuildPhase;
			buildActionMask = 2147483647;
			files = (
			);
			runOnlyForDeploymentPostprocessing = 0;
		};
		F9090C5F286B8BED00DF0E81 /* Frameworks */ = {
			isa = PBXFrameworksBuildPhase;
			buildActionMask = 2147483647;
			files = (
			);
			runOnlyForDeploymentPostprocessing = 0;
		};
		F9090C69286B8BED00DF0E81 /* Frameworks */ = {
			isa = PBXFrameworksBuildPhase;
			buildActionMask = 2147483647;
			files = (
			);
			runOnlyForDeploymentPostprocessing = 0;
		};
/* End PBXFrameworksBuildPhase section */

/* Begin PBXGroup section */
		F9090C49286B8BEA00DF0E81 = {
			isa = PBXGroup;
			children = (
				F9090C54286B8BEA00DF0E81 /* TaskManager */,
				F9090C65286B8BED00DF0E81 /* TaskManagerTests */,
				F9090C6F286B8BED00DF0E81 /* TaskManagerUITests */,
				F9090C53286B8BEA00DF0E81 /* Products */,
			);
			sourceTree = "<group>";
		};
		F9090C53286B8BEA00DF0E81 /* Products */ = {
			isa = PBXGroup;
			children = (
				F9090C52286B8BEA00DF0E81 /* TaskManager.app */,
				F9090C62286B8BED00DF0E81 /* TaskManagerTests.xctest */,
				F9090C6C286B8BED00DF0E81 /* TaskManagerUITests.xctest */,
			);
			name = Products;
			sourceTree = "<group>";
		};
		F9090C54286B8BEA00DF0E81 /* TaskManager */ = {
			isa = PBXGroup;
			children = (
				F9090C92286BBD0600DF0E81 /* View */,
				F9090C91286BBCFF00DF0E81 /* Model */,
				F9090C90286BB98800DF0E81 /* CoreDataViewModel */,
				F9090C55286B8BEA00DF0E81 /* TaskManagerApp.swift */,
				F9090C59286B8BEC00DF0E81 /* Assets.xcassets */,
				F9090C5B286B8BED00DF0E81 /* Preview Content */,
				F9090C83286B944600DF0E81 /* TasksContainer.xcdatamodeld */,
			);
			path = TaskManager;
			sourceTree = "<group>";
		};
		F9090C5B286B8BED00DF0E81 /* Preview Content */ = {
			isa = PBXGroup;
			children = (
				F9090C5C286B8BED00DF0E81 /* Preview Assets.xcassets */,
			);
			path = "Preview Content";
			sourceTree = "<group>";
		};
		F9090C65286B8BED00DF0E81 /* TaskManagerTests */ = {
			isa = PBXGroup;
			children = (
				F9090C66286B8BED00DF0E81 /* TaskManagerTests.swift */,
			);
			path = TaskManagerTests;
			sourceTree = "<group>";
		};
		F9090C6F286B8BED00DF0E81 /* TaskManagerUITests */ = {
			isa = PBXGroup;
			children = (
				F9090C70286B8BED00DF0E81 /* TaskManagerUITests.swift */,
				F9090C72286B8BED00DF0E81 /* TaskManagerUITestsLaunchTests.swift */,
			);
			path = TaskManagerUITests;
			sourceTree = "<group>";
		};
		F9090C90286BB98800DF0E81 /* CoreDataViewModel */ = {
			isa = PBXGroup;
			children = (
				F9090C89286B993D00DF0E81 /* Task+CoreDataProperties.swift */,
				F9090C88286B993D00DF0E81 /* Task+CoreDataClass.swift */,
				F9090C87286B993D00DF0E81 /* Comment+CoreDataProperties.swift */,
				F9090C86286B993D00DF0E81 /* Comment+CoreDataClass.swift */,
			);
			path = CoreDataViewModel;
			sourceTree = "<group>";
		};
		F9090C91286BBCFF00DF0E81 /* Model */ = {
			isa = PBXGroup;
			children = (
				F9090C8E286BA5CF00DF0E81 /* PersistenceController.swift */,
			);
			path = Model;
			sourceTree = "<group>";
		};
		F9090C92286BBD0600DF0E81 /* View */ = {
			isa = PBXGroup;
			children = (
				F9090C57286B8BEA00DF0E81 /* ContentView.swift */,
				F9090C93286BBD2F00DF0E81 /* AddTaskView.swift */,
				F9090C95286BC05C00DF0E81 /* TaskDetails.swift */,
				F9090C97286BE7BF00DF0E81 /* AddCommentView.swift */,
			);
			path = View;
			sourceTree = "<group>";
		};
/* End PBXGroup section */

/* Begin PBXNativeTarget section */
		F9090C51286B8BEA00DF0E81 /* TaskManager */ = {
			isa = PBXNativeTarget;
			buildConfigurationList = F9090C76286B8BED00DF0E81 /* Build configuration list for PBXNativeTarget "TaskManager" */;
			buildPhases = (
				F9090C4E286B8BEA00DF0E81 /* Sources */,
				F9090C4F286B8BEA00DF0E81 /* Frameworks */,
				F9090C50286B8BEA00DF0E81 /* Resources */,
			);
			buildRules = (
			);
			dependencies = (
			);
			name = TaskManager;
			productName = TaskManager;
			productReference = F9090C52286B8BEA00DF0E81 /* TaskManager.app */;
			productType = "com.apple.product-type.application";
		};
		F9090C61286B8BED00DF0E81 /* TaskManagerTests */ = {
			isa = PBXNativeTarget;
			buildConfigurationList = F9090C79286B8BED00DF0E81 /* Build configuration list for PBXNativeTarget "TaskManagerTests" */;
			buildPhases = (
				F9090C5E286B8BED00DF0E81 /* Sources */,
				F9090C5F286B8BED00DF0E81 /* Frameworks */,
				F9090C60286B8BED00DF0E81 /* Resources */,
			);
			buildRules = (
			);
			dependencies = (
				F9090C64286B8BED00DF0E81 /* PBXTargetDependency */,
			);
			name = TaskManagerTests;
			productName = TaskManagerTests;
			productReference = F9090C62286B8BED00DF0E81 /* TaskManagerTests.xctest */;
			productType = "com.apple.product-type.bundle.unit-test";
		};
		F9090C6B286B8BED00DF0E81 /* TaskManagerUITests */ = {
			isa = PBXNativeTarget;
			buildConfigurationList = F9090C7C286B8BED00DF0E81 /* Build configuration list for PBXNativeTarget "TaskManagerUITests" */;
			buildPhases = (
				F9090C68286B8BED00DF0E81 /* Sources */,
				F9090C69286B8BED00DF0E81 /* Frameworks */,
				F9090C6A286B8BED00DF0E81 /* Resources */,
			);
			buildRules = (
			);
			dependencies = (
				F9090C6E286B8BED00DF0E81 /* PBXTargetDependency */,
			);
			name = TaskManagerUITests;
			productName = TaskManagerUITests;
			productReference = F9090C6C286B8BED00DF0E81 /* TaskManagerUITests.xctest */;
			productType = "com.apple.product-type.bundle.ui-testing";
		};
/* End PBXNativeTarget section */

/* Begin PBXProject section */
		F9090C4A286B8BEA00DF0E81 /* Project object */ = {
			isa = PBXProject;
			attributes = {
				BuildIndependentTargetsInParallel = 1;
				LastSwiftUpdateCheck = 1340;
				LastUpgradeCheck = 1340;
				TargetAttributes = {
					F9090C51286B8BEA00DF0E81 = {
						CreatedOnToolsVersion = 13.4.1;
					};
					F9090C61286B8BED00DF0E81 = {
						CreatedOnToolsVersion = 13.4.1;
						TestTargetID = F9090C51286B8BEA00DF0E81;
					};
					F9090C6B286B8BED00DF0E81 = {
						CreatedOnToolsVersion = 13.4.1;
						TestTargetID = F9090C51286B8BEA00DF0E81;
					};
				};
			};
			buildConfigurationList = F9090C4D286B8BEA00DF0E81 /* Build configuration list for PBXProject "TaskManager" */;
			compatibilityVersion = "Xcode 13.0";
			developmentRegion = en;
			hasScannedForEncodings = 0;
			knownRegions = (
				en,
				Base,
			);
			mainGroup = F9090C49286B8BEA00DF0E81;
			productRefGroup = F9090C53286B8BEA00DF0E81 /* Products */;
			projectDirPath = "";
			projectRoot = "";
			targets = (
				F9090C51286B8BEA00DF0E81 /* TaskManager */,
				F9090C61286B8BED00DF0E81 /* TaskManagerTests */,
				F9090C6B286B8BED00DF0E81 /* TaskManagerUITests */,
			);
		};
/* End PBXProject section */

/* Begin PBXResourcesBuildPhase section */
		F9090C50286B8BEA00DF0E81 /* Resources */ = {
			isa = PBXResourcesBuildPhase;
			buildActionMask = 2147483647;
			files = (
				F9090C5D286B8BED00DF0E81 /* Preview Assets.xcassets in Resources */,
				F9090C5A286B8BEC00DF0E81 /* Assets.xcassets in Resources */,
			);
			runOnlyForDeploymentPostprocessing = 0;
		};
		F9090C60286B8BED00DF0E81 /* Resources */ = {
			isa = PBXResourcesBuildPhase;
			buildActionMask = 2147483647;
			files = (
			);
			runOnlyForDeploymentPostprocessing = 0;
		};
		F9090C6A286B8BED00DF0E81 /* Resources */ = {
			isa = PBXResourcesBuildPhase;
			buildActionMask = 2147483647;
			files = (
			);
			runOnlyForDeploymentPostprocessing = 0;
		};
/* End PBXResourcesBuildPhase section */

/* Begin PBXSourcesBuildPhase section */
		F9090C4E286B8BEA00DF0E81 /* Sources */ = {
			isa = PBXSourcesBuildPhase;
			buildActionMask = 2147483647;
			files = (
				F9090C58286B8BEA00DF0E81 /* ContentView.swift in Sources */,
				F9090C85286B944600DF0E81 /* TasksContainer.xcdatamodeld in Sources */,
				F9090C8C286B993D00DF0E81 /* Task+CoreDataClass.swift in Sources */,
				F9090C96286BC05C00DF0E81 /* TaskDetails.swift in Sources */,
				F9090C98286BE7BF00DF0E81 /* AddCommentView.swift in Sources */,
				F9090C94286BBD2F00DF0E81 /* AddTaskView.swift in Sources */,
				F9090C8D286B993D00DF0E81 /* Task+CoreDataProperties.swift in Sources */,
				F9090C8A286B993D00DF0E81 /* Comment+CoreDataClass.swift in Sources */,
				F9090C56286B8BEA00DF0E81 /* TaskManagerApp.swift in Sources */,
				F9090C8B286B993D00DF0E81 /* Comment+CoreDataProperties.swift in Sources */,
				F9090C8F286BA5CF00DF0E81 /* PersistenceController.swift in Sources */,
			);
			runOnlyForDeploymentPostprocessing = 0;
		};
		F9090C5E286B8BED00DF0E81 /* Sources */ = {
			isa = PBXSourcesBuildPhase;
			buildActionMask = 2147483647;
			files = (
				F9090C67286B8BED00DF0E81 /* TaskManagerTests.swift in Sources */,
			);
			runOnlyForDeploymentPostprocessing = 0;
		};
		F9090C68286B8BED00DF0E81 /* Sources */ = {
			isa = PBXSourcesBuildPhase;
			buildActionMask = 2147483647;
			files = (
				F9090C71286B8BED00DF0E81 /* TaskManagerUITests.swift in Sources */,
				F9090C73286B8BED00DF0E81 /* TaskManagerUITestsLaunchTests.swift in Sources */,
			);
			runOnlyForDeploymentPostprocessing = 0;
		};
/* End PBXSourcesBuildPhase section */

/* Begin PBXTargetDependency section */
		F9090C64286B8BED00DF0E81 /* PBXTargetDependency */ = {
			isa = PBXTargetDependency;
			target = F9090C51286B8BEA00DF0E81 /* TaskManager */;
			targetProxy = F9090C63286B8BED00DF0E81 /* PBXContainerItemProxy */;
		};
		F9090C6E286B8BED00DF0E81 /* PBXTargetDependency */ = {
			isa = PBXTargetDependency;
			target = F9090C51286B8BEA00DF0E81 /* TaskManager */;
			targetProxy = F9090C6D286B8BED00DF0E81 /* PBXContainerItemProxy */;
		};
/* End PBXTargetDependency section */

/* Begin XCBuildConfiguration section */
		F9090C74286B8BED00DF0E81 /* Debug */ = {
			isa = XCBuildConfiguration;
			buildSettings = {
				ALWAYS_SEARCH_USER_PATHS = NO;
				CLANG_ANALYZER_NONNULL = YES;
				CLANG_ANALYZER_NUMBER_OBJECT_CONVERSION = YES_AGGRESSIVE;
				CLANG_CXX_LANGUAGE_STANDARD = "gnu++17";
				CLANG_ENABLE_MODULES = YES;
				CLANG_ENABLE_OBJC_ARC = YES;
				CLANG_ENABLE_OBJC_WEAK = YES;
				CLANG_WARN_BLOCK_CAPTURE_AUTORELEASING = YES;
				CLANG_WARN_BOOL_CONVERSION = YES;
				CLANG_WARN_COMMA = YES;
				CLANG_WARN_CONSTANT_CONVERSION = YES;
				CLANG_WARN_DEPRECATED_OBJC_IMPLEMENTATIONS = YES;
				CLANG_WARN_DIRECT_OBJC_ISA_USAGE = YES_ERROR;
				CLANG_WARN_DOCUMENTATION_COMMENTS = YES;
				CLANG_WARN_EMPTY_BODY = YES;
				CLANG_WARN_ENUM_CONVERSION = YES;
				CLANG_WARN_INFINITE_RECURSION = YES;
				CLANG_WARN_INT_CONVERSION = YES;
				CLANG_WARN_NON_LITERAL_NULL_CONVERSION = YES;
				CLANG_WARN_OBJC_IMPLICIT_RETAIN_SELF = YES;
				CLANG_WARN_OBJC_LITERAL_CONVERSION = YES;
				CLANG_WARN_OBJC_ROOT_CLASS = YES_ERROR;
				CLANG_WARN_QUOTED_INCLUDE_IN_FRAMEWORK_HEADER = YES;
				CLANG_WARN_RANGE_LOOP_ANALYSIS = YES;
				CLANG_WARN_STRICT_PROTOTYPES = YES;
				CLANG_WARN_SUSPICIOUS_MOVE = YES;
				CLANG_WARN_UNGUARDED_AVAILABILITY = YES_AGGRESSIVE;
				CLANG_WARN_UNREACHABLE_CODE = YES;
				CLANG_WARN__DUPLICATE_METHOD_MATCH = YES;
				COPY_PHASE_STRIP = NO;
				DEBUG_INFORMATION_FORMAT = dwarf;
				ENABLE_STRICT_OBJC_MSGSEND = YES;
				ENABLE_TESTABILITY = YES;
				GCC_C_LANGUAGE_STANDARD = gnu11;
				GCC_DYNAMIC_NO_PIC = NO;
				GCC_NO_COMMON_BLOCKS = YES;
				GCC_OPTIMIZATION_LEVEL = 0;
				GCC_PREPROCESSOR_DEFINITIONS = (
					"DEBUG=1",
					"$(inherited)",
				);
				GCC_WARN_64_TO_32_BIT_CONVERSION = YES;
				GCC_WARN_ABOUT_RETURN_TYPE = YES_ERROR;
				GCC_WARN_UNDECLARED_SELECTOR = YES;
				GCC_WARN_UNINITIALIZED_AUTOS = YES_AGGRESSIVE;
				GCC_WARN_UNUSED_FUNCTION = YES;
				GCC_WARN_UNUSED_VARIABLE = YES;
				IPHONEOS_DEPLOYMENT_TARGET = 15.5;
				MTL_ENABLE_DEBUG_INFO = INCLUDE_SOURCE;
				MTL_FAST_MATH = YES;
				ONLY_ACTIVE_ARCH = YES;
				SDKROOT = iphoneos;
				SWIFT_ACTIVE_COMPILATION_CONDITIONS = DEBUG;
				SWIFT_OPTIMIZATION_LEVEL = "-Onone";
			};
			name = Debug;
		};
		F9090C75286B8BED00DF0E81 /* Release */ = {
			isa = XCBuildConfiguration;
			buildSettings = {
				ALWAYS_SEARCH_USER_PATHS = NO;
				CLANG_ANALYZER_NONNULL = YES;
				CLANG_ANALYZER_NUMBER_OBJECT_CONVERSION = YES_AGGRESSIVE;
				CLANG_CXX_LANGUAGE_STANDARD = "gnu++17";
				CLANG_ENABLE_MODULES = YES;
				CLANG_ENABLE_OBJC_ARC = YES;
				CLANG_ENABLE_OBJC_WEAK = YES;
				CLANG_WARN_BLOCK_CAPTURE_AUTORELEASING = YES;
				CLANG_WARN_BOOL_CONVERSION = YES;
				CLANG_WARN_COMMA = YES;
				CLANG_WARN_CONSTANT_CONVERSION = YES;
				CLANG_WARN_DEPRECATED_OBJC_IMPLEMENTATIONS = YES;
				CLANG_WARN_DIRECT_OBJC_ISA_USAGE = YES_ERROR;
				CLANG_WARN_DOCUMENTATION_COMMENTS = YES;
				CLANG_WARN_EMPTY_BODY = YES;
				CLANG_WARN_ENUM_CONVERSION = YES;
				CLANG_WARN_INFINITE_RECURSION = YES;
				CLANG_WARN_INT_CONVERSION = YES;
				CLANG_WARN_NON_LITERAL_NULL_CONVERSION = YES;
				CLANG_WARN_OBJC_IMPLICIT_RETAIN_SELF = YES;
				CLANG_WARN_OBJC_LITERAL_CONVERSION = YES;
				CLANG_WARN_OBJC_ROOT_CLASS = YES_ERROR;
				CLANG_WARN_QUOTED_INCLUDE_IN_FRAMEWORK_HEADER = YES;
				CLANG_WARN_RANGE_LOOP_ANALYSIS = YES;
				CLANG_WARN_STRICT_PROTOTYPES = YES;
				CLANG_WARN_SUSPICIOUS_MOVE = YES;
				CLANG_WARN_UNGUARDED_AVAILABILITY = YES_AGGRESSIVE;
				CLANG_WARN_UNREACHABLE_CODE = YES;
				CLANG_WARN__DUPLICATE_METHOD_MATCH = YES;
				COPY_PHASE_STRIP = NO;
				DEBUG_INFORMATION_FORMAT = "dwarf-with-dsym";
				ENABLE_NS_ASSERTIONS = NO;
				ENABLE_STRICT_OBJC_MSGSEND = YES;
				GCC_C_LANGUAGE_STANDARD = gnu11;
				GCC_NO_COMMON_BLOCKS = YES;
				GCC_WARN_64_TO_32_BIT_CONVERSION = YES;
				GCC_WARN_ABOUT_RETURN_TYPE = YES_ERROR;
				GCC_WARN_UNDECLARED_SELECTOR = YES;
				GCC_WARN_UNINITIALIZED_AUTOS = YES_AGGRESSIVE;
				GCC_WARN_UNUSED_FUNCTION = YES;
				GCC_WARN_UNUSED_VARIABLE = YES;
				IPHONEOS_DEPLOYMENT_TARGET = 15.5;
				MTL_ENABLE_DEBUG_INFO = NO;
				MTL_FAST_MATH = YES;
				SDKROOT = iphoneos;
				SWIFT_COMPILATION_MODE = wholemodule;
				SWIFT_OPTIMIZATION_LEVEL = "-O";
				VALIDATE_PRODUCT = YES;
			};
			name = Release;
		};
		F9090C77286B8BED00DF0E81 /* Debug */ = {
			isa = XCBuildConfiguration;
			buildSettings = {
				ASSETCATALOG_COMPILER_APPICON_NAME = AppIcon;
				ASSETCATALOG_COMPILER_GLOBAL_ACCENT_COLOR_NAME = AccentColor;
				CODE_SIGN_STYLE = Automatic;
				CURRENT_PROJECT_VERSION = 1;
				DEVELOPMENT_ASSET_PATHS = "\"TaskManager/Preview Content\"";
				ENABLE_PREVIEWS = YES;
				GENERATE_INFOPLIST_FILE = YES;
				INFOPLIST_KEY_UIApplicationSceneManifest_Generation = YES;
				INFOPLIST_KEY_UIApplicationSupportsIndirectInputEvents = YES;
				INFOPLIST_KEY_UILaunchScreen_Generation = YES;
				INFOPLIST_KEY_UISupportedInterfaceOrientations_iPad = "UIInterfaceOrientationPortrait UIInterfaceOrientationPortraitUpsideDown UIInterfaceOrientationLandscapeLeft UIInterfaceOrientationLandscapeRight";
				INFOPLIST_KEY_UISupportedInterfaceOrientations_iPhone = "UIInterfaceOrientationPortrait UIInterfaceOrientationLandscapeLeft UIInterfaceOrientationLandscapeRight";
				LD_RUNPATH_SEARCH_PATHS = (
					"$(inherited)",
					"@executable_path/Frameworks",
				);
				MARKETING_VERSION = 1.0;
				PRODUCT_BUNDLE_IDENTIFIER = com.icel.TaskManager;
				PRODUCT_NAME = "$(TARGET_NAME)";
				SWIFT_EMIT_LOC_STRINGS = YES;
				SWIFT_VERSION = 5.0;
				TARGETED_DEVICE_FAMILY = "1,2";
			};
			name = Debug;
		};
		F9090C78286B8BED00DF0E81 /* Release */ = {
			isa = XCBuildConfiguration;
			buildSettings = {
				ASSETCATALOG_COMPILER_APPICON_NAME = AppIcon;
				ASSETCATALOG_COMPILER_GLOBAL_ACCENT_COLOR_NAME = AccentColor;
				CODE_SIGN_STYLE = Automatic;
				CURRENT_PROJECT_VERSION = 1;
				DEVELOPMENT_ASSET_PATHS = "\"TaskManager/Preview Content\"";
				ENABLE_PREVIEWS = YES;
				GENERATE_INFOPLIST_FILE = YES;
				INFOPLIST_KEY_UIApplicationSceneManifest_Generation = YES;
				INFOPLIST_KEY_UIApplicationSupportsIndirectInputEvents = YES;
				INFOPLIST_KEY_UILaunchScreen_Generation = YES;
				INFOPLIST_KEY_UISupportedInterfaceOrientations_iPad = "UIInterfaceOrientationPortrait UIInterfaceOrientationPortraitUpsideDown UIInterfaceOrientationLandscapeLeft UIInterfaceOrientationLandscapeRight";
				INFOPLIST_KEY_UISupportedInterfaceOrientations_iPhone = "UIInterfaceOrientationPortrait UIInterfaceOrientationLandscapeLeft UIInterfaceOrientationLandscapeRight";
				LD_RUNPATH_SEARCH_PATHS = (
					"$(inherited)",
					"@executable_path/Frameworks",
				);
				MARKETING_VERSION = 1.0;
				PRODUCT_BUNDLE_IDENTIFIER = com.icel.TaskManager;
				PRODUCT_NAME = "$(TARGET_NAME)";
				SWIFT_EMIT_LOC_STRINGS = YES;
				SWIFT_VERSION = 5.0;
				TARGETED_DEVICE_FAMILY = "1,2";
			};
			name = Release;
		};
		F9090C7A286B8BED00DF0E81 /* Debug */ = {
			isa = XCBuildConfiguration;
			buildSettings = {
				ALWAYS_EMBED_SWIFT_STANDARD_LIBRARIES = YES;
				BUNDLE_LOADER = "$(TEST_HOST)";
				CODE_SIGN_STYLE = Automatic;
				CURRENT_PROJECT_VERSION = 1;
				GENERATE_INFOPLIST_FILE = YES;
				IPHONEOS_DEPLOYMENT_TARGET = 15.5;
				MARKETING_VERSION = 1.0;
				PRODUCT_BUNDLE_IDENTIFIER = com.icel.TaskManagerTests;
				PRODUCT_NAME = "$(TARGET_NAME)";
				SWIFT_EMIT_LOC_STRINGS = NO;
				SWIFT_VERSION = 5.0;
				TARGETED_DEVICE_FAMILY = "1,2";
				TEST_HOST = "$(BUILT_PRODUCTS_DIR)/TaskManager.app/TaskManager";
			};
			name = Debug;
		};
		F9090C7B286B8BED00DF0E81 /* Release */ = {
			isa = XCBuildConfiguration;
			buildSettings = {
				ALWAYS_EMBED_SWIFT_STANDARD_LIBRARIES = YES;
				BUNDLE_LOADER = "$(TEST_HOST)";
				CODE_SIGN_STYLE = Automatic;
				CURRENT_PROJECT_VERSION = 1;
				GENERATE_INFOPLIST_FILE = YES;
				IPHONEOS_DEPLOYMENT_TARGET = 15.5;
				MARKETING_VERSION = 1.0;
				PRODUCT_BUNDLE_IDENTIFIER = com.icel.TaskManagerTests;
				PRODUCT_NAME = "$(TARGET_NAME)";
				SWIFT_EMIT_LOC_STRINGS = NO;
				SWIFT_VERSION = 5.0;
				TARGETED_DEVICE_FAMILY = "1,2";
				TEST_HOST = "$(BUILT_PRODUCTS_DIR)/TaskManager.app/TaskManager";
			};
			name = Release;
		};
		F9090C7D286B8BED00DF0E81 /* Debug */ = {
			isa = XCBuildConfiguration;
			buildSettings = {
				ALWAYS_EMBED_SWIFT_STANDARD_LIBRARIES = YES;
				CODE_SIGN_STYLE = Automatic;
				CURRENT_PROJECT_VERSION = 1;
				GENERATE_INFOPLIST_FILE = YES;
				MARKETING_VERSION = 1.0;
				PRODUCT_BUNDLE_IDENTIFIER = com.icel.TaskManagerUITests;
				PRODUCT_NAME = "$(TARGET_NAME)";
				SWIFT_EMIT_LOC_STRINGS = NO;
				SWIFT_VERSION = 5.0;
				TARGETED_DEVICE_FAMILY = "1,2";
				TEST_TARGET_NAME = TaskManager;
			};
			name = Debug;
		};
		F9090C7E286B8BED00DF0E81 /* Release */ = {
			isa = XCBuildConfiguration;
			buildSettings = {
				ALWAYS_EMBED_SWIFT_STANDARD_LIBRARIES = YES;
				CODE_SIGN_STYLE = Automatic;
				CURRENT_PROJECT_VERSION = 1;
				GENERATE_INFOPLIST_FILE = YES;
				MARKETING_VERSION = 1.0;
				PRODUCT_BUNDLE_IDENTIFIER = com.icel.TaskManagerUITests;
				PRODUCT_NAME = "$(TARGET_NAME)";
				SWIFT_EMIT_LOC_STRINGS = NO;
				SWIFT_VERSION = 5.0;
				TARGETED_DEVICE_FAMILY = "1,2";
				TEST_TARGET_NAME = TaskManager;
			};
			name = Release;
		};
/* End XCBuildConfiguration section */

/* Begin XCConfigurationList section */
		F9090C4D286B8BEA00DF0E81 /* Build configuration list for PBXProject "TaskManager" */ = {
			isa = XCConfigurationList;
			buildConfigurations = (
				F9090C74286B8BED00DF0E81 /* Debug */,
				F9090C75286B8BED00DF0E81 /* Release */,
			);
			defaultConfigurationIsVisible = 0;
			defaultConfigurationName = Release;
		};
		F9090C76286B8BED00DF0E81 /* Build configuration list for PBXNativeTarget "TaskManager" */ = {
			isa = XCConfigurationList;
			buildConfigurations = (
				F9090C77286B8BED00DF0E81 /* Debug */,
				F9090C78286B8BED00DF0E81 /* Release */,
			);
			defaultConfigurationIsVisible = 0;
			defaultConfigurationName = Release;
		};
		F9090C79286B8BED00DF0E81 /* Build configuration list for PBXNativeTarget "TaskManagerTests" */ = {
			isa = XCConfigurationList;
			buildConfigurations = (
				F9090C7A286B8BED00DF0E81 /* Debug */,
				F9090C7B286B8BED00DF0E81 /* Release */,
			);
			defaultConfigurationIsVisible = 0;
			defaultConfigurationName = Release;
		};
		F9090C7C286B8BED00DF0E81 /* Build configuration list for PBXNativeTarget "TaskManagerUITests" */ = {
			isa = XCConfigurationList;
			buildConfigurations = (
				F9090C7D286B8BED00DF0E81 /* Debug */,
				F9090C7E286B8BED00DF0E81 /* Release */,
			);
			defaultConfigurationIsVisible = 0;
			defaultConfigurationName = Release;
		};
/* End XCConfigurationList section */

/* Begin XCVersionGroup section */
		F9090C83286B944600DF0E81 /* TasksContainer.xcdatamodeld */ = {
			isa = XCVersionGroup;
			children = (
				F9090C84286B944600DF0E81 /* TasksContainer.xcdatamodel */,
			);
			currentVersion = F9090C84286B944600DF0E81 /* TasksContainer.xcdatamodel */;
			path = TasksContainer.xcdatamodeld;
			sourceTree = "<group>";
			versionGroupType = wrapper.xcdatamodel;
		};
/* End XCVersionGroup section */
	};
	rootObject = F9090C4A286B8BEA00DF0E81 /* Project object */;
}
